
Microsoft Visual Studio Solution File, Format Version 12.00
# Visual Studio 15
VisualStudioVersion = 15.0.28010.2041
MinimumVisualStudioVersion = 10.0.40219.1
Project("{FAE04EC0-301F-11D3-BF4B-00C04F79EFBC}") = "NZHeraldScraper", "NZHeraldScraper\NZHeraldScraper.csproj", "{DC240EBE-936B-4C6D-A561-8BC4F645474F}"
EndProject
Global
	GlobalSection(SolutionConfigurationPlatforms) = preSolution
		Debug|Any CPU = Debug|Any CPU
		Release|Any CPU = Release|Any CPU
	EndGlobalSection
	GlobalSection(ProjectConfigurationPlatforms) = postSolution
		{DC240EBE-936B-4C6D-A561-8BC4F645474F}.Debug|Any CPU.ActiveCfg = Debug|Any CPU
		{DC240EBE-936B-4C6D-A561-8BC4F645474F}.Debug|Any CPU.Build.0 = Debug|Any CPU
		{DC240EBE-936B-4C6D-A561-8BC4F645474F}.Release|Any CPU.ActiveCfg = Release|Any CPU
		{DC240EBE-936B-4C6D-A561-8BC4F645474F}.Release|Any CPU.Build.0 = Release|Any CPU
	EndGlobalSection
	GlobalSection(SolutionProperties) = preSolution
		HideSolutionNode = FALSE
	EndGlobalSection
	GlobalSection(ExtensibilityGlobals) = postSolution
		SolutionGuid = {A1452E6F-5B22-4D08-A38A-FEAC6EF2C9EE}
	EndGlobalSection
EndGlobal
